// !$*UTF8*$!
{
	archiveVersion = 1;
	classes = {
	};
	objectVersion = 47;
	objects = {

/* Begin PBXBuildFile section */
		37171A76C6A8C9793DA24AA8 /* Pods_iBasqueRadio.framework in Frameworks */ = {isa = PBXBuildFile; fileRef = C21425A1A05604E4812E6BB9 /* Pods_iBasqueRadio.framework */; };
		9409E11C1ABF6FEA00312E2B /* AppDelegate.swift in Sources */ = {isa = PBXBuildFile; fileRef = 9409E11B1ABF6FEA00312E2B /* AppDelegate.swift */; };
		9409E1241ABF6FEA00312E2B /* Main.storyboard in Resources */ = {isa = PBXBuildFile; fileRef = 9409E1221ABF6FEA00312E2B /* Main.storyboard */; };
		9409E1261ABF6FEA00312E2B /* Images.xcassets in Resources */ = {isa = PBXBuildFile; fileRef = 9409E1251ABF6FEA00312E2B /* Images.xcassets */; };
		9409E1401ABF78B000312E2B /* NowPlayingViewController.swift in Sources */ = {isa = PBXBuildFile; fileRef = 9409E13F1ABF78B000312E2B /* NowPlayingViewController.swift */; };
		942A3F371AE43DF80011396E /* StationsViewController.swift in Sources */ = {isa = PBXBuildFile; fileRef = 942A3F361AE43DF80011396E /* StationsViewController.swift */; };
		94452E4F1AD6F24700BFE7A5 /* PopUpMenuViewController.swift in Sources */ = {isa = PBXBuildFile; fileRef = 94452E4E1AD6F24700BFE7A5 /* PopUpMenuViewController.swift */; };
		94452E551AD7086800BFE7A5 /* AboutViewController.swift in Sources */ = {isa = PBXBuildFile; fileRef = 94452E541AD7086800BFE7A5 /* AboutViewController.swift */; };
		945DB3C21AD58E3A00495EBB /* stations.json in Resources */ = {isa = PBXBuildFile; fileRef = 945DB3C11AD58E3A00495EBB /* stations.json */; };
		945DB3C51AD5A6E200495EBB /* NothingFoundCell.xib in Resources */ = {isa = PBXBuildFile; fileRef = 945DB3C41AD5A6E200495EBB /* NothingFoundCell.xib */; };
		94817DFB1B547D5700D3FA23 /* Player.swift in Sources */ = {isa = PBXBuildFile; fileRef = 94817DFA1B547D5700D3FA23 /* Player.swift */; };
		949BBB401ACC9DEE005B7C26 /* DataManager.swift in Sources */ = {isa = PBXBuildFile; fileRef = 949BBB3F1ACC9DEE005B7C26 /* DataManager.swift */; };
		949E5EB01ACB340200AB6280 /* UIImageView+Download.swift in Sources */ = {isa = PBXBuildFile; fileRef = 949E5EAF1ACB340200AB6280 /* UIImageView+Download.swift */; };
		94AC70AE1AD05C6200652982 /* RadioStation.swift in Sources */ = {isa = PBXBuildFile; fileRef = 94AC70AD1AD05C6200652982 /* RadioStation.swift */; };
		94D1D0A51AD6D6230022CA11 /* InfoDetailViewController.swift in Sources */ = {isa = PBXBuildFile; fileRef = 94D1D0A41AD6D6230022CA11 /* InfoDetailViewController.swift */; };
		94D260911B45D20000DE671C /* SwiftRadio-Settings.swift in Sources */ = {isa = PBXBuildFile; fileRef = 94D260901B45D20000DE671C /* SwiftRadio-Settings.swift */; };
		94D260961B45E3FA00DE671C /* AnimationFrames.swift in Sources */ = {isa = PBXBuildFile; fileRef = 94D260951B45E3FA00DE671C /* AnimationFrames.swift */; };
		94D260981B45E8B800DE671C /* Track.swift in Sources */ = {isa = PBXBuildFile; fileRef = 94D260971B45E8B800DE671C /* Track.swift */; };
		94D30EA71AD07A880024FE96 /* StationTableViewCell.swift in Sources */ = {isa = PBXBuildFile; fileRef = 94D30EA61AD07A880024FE96 /* StationTableViewCell.swift */; };
		94E9761C1B1A8F3200F52B1E /* UIImage+DropShadow.swift in Sources */ = {isa = PBXBuildFile; fileRef = 94E9761B1B1A8F3200F52B1E /* UIImage+DropShadow.swift */; };
		9F7DA5111F9E447500BFBEC9 /* GoogleService-Info.plist in Resources */ = {isa = PBXBuildFile; fileRef = 9F7DA5101F9E447500BFBEC9 /* GoogleService-Info.plist */; };
		9F86C4221DFC204300E05DB5 /* ServiceAccount.json in Resources */ = {isa = PBXBuildFile; fileRef = 9F86C4211DFC204300E05DB5 /* ServiceAccount.json */; };
		9F9BC9321FA0A63300FE17F8 /* Color.swift in Sources */ = {isa = PBXBuildFile; fileRef = 9F9BC9311FA0A63300FE17F8 /* Color.swift */; };
		9F9BC9331FA0A63300FE17F8 /* Color.swift in Sources */ = {isa = PBXBuildFile; fileRef = 9F9BC9311FA0A63300FE17F8 /* Color.swift */; };
		9FACCB8D1C3E9DAD00567EDA /* iBasqueRadioUITests.swift in Sources */ = {isa = PBXBuildFile; fileRef = 9FACCB8C1C3E9DAD00567EDA /* iBasqueRadioUITests.swift */; };
		9FACCB951C3E9E0100567EDA /* SnapshotHelper.swift in Sources */ = {isa = PBXBuildFile; fileRef = 9FACCB941C3E9E0100567EDA /* SnapshotHelper.swift */; };
		9FD1E79D1FA340D300A024BB /* Localizable.swift in Sources */ = {isa = PBXBuildFile; fileRef = 9FD1E79C1FA340D300A024BB /* Localizable.swift */; };
		9FD1E79F1FA343BF00A024BB /* Localizable.strings in Resources */ = {isa = PBXBuildFile; fileRef = 9FD1E79E1FA343BF00A024BB /* Localizable.strings */; };
/* End PBXBuildFile section */

/* Begin PBXContainerItemProxy section */
		9FACCB8F1C3E9DAD00567EDA /* PBXContainerItemProxy */ = {
			isa = PBXContainerItemProxy;
			containerPortal = 9409E10E1ABF6FE900312E2B /* Project object */;
			proxyType = 1;
			remoteGlobalIDString = 9409E1151ABF6FEA00312E2B;
			remoteInfo = iBasqueRadio;
		};
/* End PBXContainerItemProxy section */

/* Begin PBXFileReference section */
		5C53F8D2C3472250B4A58BBA /* Pods-iBasqueRadio.debug.xcconfig */ = {isa = PBXFileReference; includeInIndex = 1; lastKnownFileType = text.xcconfig; name = "Pods-iBasqueRadio.debug.xcconfig"; path = "Pods/Target Support Files/Pods-iBasqueRadio/Pods-iBasqueRadio.debug.xcconfig"; sourceTree = "<group>"; };
		9409E1161ABF6FEA00312E2B /* iBasqueRadio.app */ = {isa = PBXFileReference; explicitFileType = wrapper.application; includeInIndex = 0; path = iBasqueRadio.app; sourceTree = BUILT_PRODUCTS_DIR; };
		9409E11A1ABF6FEA00312E2B /* Info.plist */ = {isa = PBXFileReference; lastKnownFileType = text.plist.xml; path = Info.plist; sourceTree = "<group>"; };
		9409E11B1ABF6FEA00312E2B /* AppDelegate.swift */ = {isa = PBXFileReference; lastKnownFileType = sourcecode.swift; path = AppDelegate.swift; sourceTree = "<group>"; };
		9409E1251ABF6FEA00312E2B /* Images.xcassets */ = {isa = PBXFileReference; lastKnownFileType = folder.assetcatalog; path = Images.xcassets; sourceTree = "<group>"; };
		9409E13F1ABF78B000312E2B /* NowPlayingViewController.swift */ = {isa = PBXFileReference; fileEncoding = 4; lastKnownFileType = sourcecode.swift; path = NowPlayingViewController.swift; sourceTree = "<group>"; };
		942A3F361AE43DF80011396E /* StationsViewController.swift */ = {isa = PBXFileReference; fileEncoding = 4; lastKnownFileType = sourcecode.swift; path = StationsViewController.swift; sourceTree = "<group>"; };
		94452E4E1AD6F24700BFE7A5 /* PopUpMenuViewController.swift */ = {isa = PBXFileReference; fileEncoding = 4; lastKnownFileType = sourcecode.swift; path = PopUpMenuViewController.swift; sourceTree = "<group>"; };
		94452E541AD7086800BFE7A5 /* AboutViewController.swift */ = {isa = PBXFileReference; fileEncoding = 4; lastKnownFileType = sourcecode.swift; path = AboutViewController.swift; sourceTree = "<group>"; };
		945DB3C11AD58E3A00495EBB /* stations.json */ = {isa = PBXFileReference; fileEncoding = 4; lastKnownFileType = text.json; path = stations.json; sourceTree = "<group>"; };
		945DB3C41AD5A6E200495EBB /* NothingFoundCell.xib */ = {isa = PBXFileReference; fileEncoding = 4; lastKnownFileType = file.xib; path = NothingFoundCell.xib; sourceTree = "<group>"; };
		94817DFA1B547D5700D3FA23 /* Player.swift */ = {isa = PBXFileReference; fileEncoding = 4; lastKnownFileType = sourcecode.swift; path = Player.swift; sourceTree = "<group>"; };
		949BBB3F1ACC9DEE005B7C26 /* DataManager.swift */ = {isa = PBXFileReference; fileEncoding = 4; lastKnownFileType = sourcecode.swift; path = DataManager.swift; sourceTree = "<group>"; };
		949E5EAF1ACB340200AB6280 /* UIImageView+Download.swift */ = {isa = PBXFileReference; fileEncoding = 4; lastKnownFileType = sourcecode.swift; path = "UIImageView+Download.swift"; sourceTree = "<group>"; };
		94AC70AD1AD05C6200652982 /* RadioStation.swift */ = {isa = PBXFileReference; fileEncoding = 4; lastKnownFileType = sourcecode.swift; path = RadioStation.swift; sourceTree = "<group>"; };
		94D1D0A41AD6D6230022CA11 /* InfoDetailViewController.swift */ = {isa = PBXFileReference; fileEncoding = 4; lastKnownFileType = sourcecode.swift; path = InfoDetailViewController.swift; sourceTree = "<group>"; };
		94D260901B45D20000DE671C /* SwiftRadio-Settings.swift */ = {isa = PBXFileReference; fileEncoding = 4; lastKnownFileType = sourcecode.swift; path = "SwiftRadio-Settings.swift"; sourceTree = "<group>"; };
		94D260951B45E3FA00DE671C /* AnimationFrames.swift */ = {isa = PBXFileReference; fileEncoding = 4; lastKnownFileType = sourcecode.swift; path = AnimationFrames.swift; sourceTree = "<group>"; };
		94D260971B45E8B800DE671C /* Track.swift */ = {isa = PBXFileReference; fileEncoding = 4; lastKnownFileType = sourcecode.swift; path = Track.swift; sourceTree = "<group>"; };
		94D30EA61AD07A880024FE96 /* StationTableViewCell.swift */ = {isa = PBXFileReference; fileEncoding = 4; lastKnownFileType = sourcecode.swift; path = StationTableViewCell.swift; sourceTree = "<group>"; };
		94E9761B1B1A8F3200F52B1E /* UIImage+DropShadow.swift */ = {isa = PBXFileReference; fileEncoding = 4; lastKnownFileType = sourcecode.swift; path = "UIImage+DropShadow.swift"; sourceTree = "<group>"; };
		9F2E57F31BE247B10029DAE2 /* eu */ = {isa = PBXFileReference; lastKnownFileType = file.storyboard; name = eu; path = eu.lproj/Main.storyboard; sourceTree = "<group>"; };
		9F7DA5101F9E447500BFBEC9 /* GoogleService-Info.plist */ = {isa = PBXFileReference; fileEncoding = 4; lastKnownFileType = text.plist.xml; name = "GoogleService-Info.plist"; path = "SwiftRadio/GoogleService-Info.plist"; sourceTree = SOURCE_ROOT; };
		9F86C4211DFC204300E05DB5 /* ServiceAccount.json */ = {isa = PBXFileReference; fileEncoding = 4; lastKnownFileType = text.json; name = ServiceAccount.json; path = SwiftRadio/ServiceAccount.json; sourceTree = SOURCE_ROOT; };
		9F9BC9311FA0A63300FE17F8 /* Color.swift */ = {isa = PBXFileReference; lastKnownFileType = sourcecode.swift; path = Color.swift; sourceTree = "<group>"; };
		9FACCB8A1C3E9DAD00567EDA /* iBasqueRadioUITests.xctest */ = {isa = PBXFileReference; explicitFileType = wrapper.cfbundle; includeInIndex = 0; path = iBasqueRadioUITests.xctest; sourceTree = BUILT_PRODUCTS_DIR; };
		9FACCB8C1C3E9DAD00567EDA /* iBasqueRadioUITests.swift */ = {isa = PBXFileReference; lastKnownFileType = sourcecode.swift; path = iBasqueRadioUITests.swift; sourceTree = "<group>"; };
		9FACCB8E1C3E9DAD00567EDA /* Info.plist */ = {isa = PBXFileReference; lastKnownFileType = text.plist.xml; path = Info.plist; sourceTree = "<group>"; };
		9FACCB941C3E9E0100567EDA /* SnapshotHelper.swift */ = {isa = PBXFileReference; fileEncoding = 4; lastKnownFileType = sourcecode.swift; path = SnapshotHelper.swift; sourceTree = "<group>"; };
		9FD1E79C1FA340D300A024BB /* Localizable.swift */ = {isa = PBXFileReference; lastKnownFileType = sourcecode.swift; path = Localizable.swift; sourceTree = "<group>"; };
		9FD1E79E1FA343BF00A024BB /* Localizable.strings */ = {isa = PBXFileReference; lastKnownFileType = text.plist.strings; path = Localizable.strings; sourceTree = "<group>"; };
		B0E304EEA30D467B2954020D /* Pods-iBasqueRadio.release.xcconfig */ = {isa = PBXFileReference; includeInIndex = 1; lastKnownFileType = text.xcconfig; name = "Pods-iBasqueRadio.release.xcconfig"; path = "Pods/Target Support Files/Pods-iBasqueRadio/Pods-iBasqueRadio.release.xcconfig"; sourceTree = "<group>"; };
		B20C3F7DFE1DC9457D0CEC5C /* Pods_iBasqueRadioUITests.framework */ = {isa = PBXFileReference; explicitFileType = wrapper.framework; includeInIndex = 0; path = Pods_iBasqueRadioUITests.framework; sourceTree = BUILT_PRODUCTS_DIR; };
		B90086461BBE40AF00E5372C /* MediaPlayer.framework */ = {isa = PBXFileReference; lastKnownFileType = wrapper.framework; name = MediaPlayer.framework; path = System/Library/Frameworks/MediaPlayer.framework; sourceTree = SDKROOT; };
		C21425A1A05604E4812E6BB9 /* Pods_iBasqueRadio.framework */ = {isa = PBXFileReference; explicitFileType = wrapper.framework; includeInIndex = 0; path = Pods_iBasqueRadio.framework; sourceTree = BUILT_PRODUCTS_DIR; };
/* End PBXFileReference section */

/* Begin PBXFrameworksBuildPhase section */
		9409E1131ABF6FEA00312E2B /* Frameworks */ = {
			isa = PBXFrameworksBuildPhase;
			buildActionMask = 2147483647;
			files = (
				37171A76C6A8C9793DA24AA8 /* Pods_iBasqueRadio.framework in Frameworks */,
			);
			runOnlyForDeploymentPostprocessing = 0;
		};
		9FACCB871C3E9DAD00567EDA /* Frameworks */ = {
			isa = PBXFrameworksBuildPhase;
			buildActionMask = 2147483647;
			files = (
			);
			runOnlyForDeploymentPostprocessing = 0;
		};
/* End PBXFrameworksBuildPhase section */

/* Begin PBXGroup section */
		0211CB64013E490BAB180487 /* Pods */ = {
			isa = PBXGroup;
			children = (
				5C53F8D2C3472250B4A58BBA /* Pods-iBasqueRadio.debug.xcconfig */,
				B0E304EEA30D467B2954020D /* Pods-iBasqueRadio.release.xcconfig */,
			);
			name = Pods;
			sourceTree = "<group>";
		};
		9409E10D1ABF6FE900312E2B = {
			isa = PBXGroup;
			children = (
				B90086461BBE40AF00E5372C /* MediaPlayer.framework */,
				9409E1181ABF6FEA00312E2B /* iBasqueRadio */,
				949BBB411ACCA2B6005B7C26 /* Libraries */,
				9FACCB8B1C3E9DAD00567EDA /* iBasqueRadioUITests */,
				9409E1171ABF6FEA00312E2B /* Products */,
				0211CB64013E490BAB180487 /* Pods */,
				B5F92A644444FFAFA6125061 /* Frameworks */,
			);
			sourceTree = "<group>";
		};
		9409E1171ABF6FEA00312E2B /* Products */ = {
			isa = PBXGroup;
			children = (
				9409E1161ABF6FEA00312E2B /* iBasqueRadio.app */,
				9FACCB8A1C3E9DAD00567EDA /* iBasqueRadioUITests.xctest */,
			);
			name = Products;
			sourceTree = "<group>";
		};
		9409E1181ABF6FEA00312E2B /* iBasqueRadio */ = {
			isa = PBXGroup;
			children = (
				9F9BC92F1FA0A60600FE17F8 /* Resources */,
				94D2608E1B45D0F800DE671C /* ViewControllers */,
				94D2608F1B45D11800DE671C /* Cells */,
				94823F861B5576F4004EC711 /* Data */,
				94E976191B1A8BFB00F52B1E /* Model */,
				94AC70AF1AD05C7400652982 /* Networking */,
				9409E11B1ABF6FEA00312E2B /* AppDelegate.swift */,
				9409E1221ABF6FEA00312E2B /* Main.storyboard */,
				9409E1251ABF6FEA00312E2B /* Images.xcassets */,
				9409E1191ABF6FEA00312E2B /* Supporting Files */,
				94D260941B45E0BA00DE671C /* UI Helpers */,
			);
			name = iBasqueRadio;
			path = SwiftRadio;
			sourceTree = "<group>";
		};
		9409E1191ABF6FEA00312E2B /* Supporting Files */ = {
			isa = PBXGroup;
			children = (
				9409E11A1ABF6FEA00312E2B /* Info.plist */,
				94D260901B45D20000DE671C /* SwiftRadio-Settings.swift */,
			);
			name = "Supporting Files";
			sourceTree = "<group>";
		};
		94823F861B5576F4004EC711 /* Data */ = {
			isa = PBXGroup;
			children = (
				945DB3C11AD58E3A00495EBB /* stations.json */,
			);
			name = Data;
			sourceTree = "<group>";
		};
		949BBB411ACCA2B6005B7C26 /* Libraries */ = {
			isa = PBXGroup;
			children = (
				9F7DA5101F9E447500BFBEC9 /* GoogleService-Info.plist */,
				9F86C4211DFC204300E05DB5 /* ServiceAccount.json */,
			);
			name = Libraries;
			path = RadioPro;
			sourceTree = "<group>";
		};
		94AC70AF1AD05C7400652982 /* Networking */ = {
			isa = PBXGroup;
			children = (
				949BBB3F1ACC9DEE005B7C26 /* DataManager.swift */,
			);
			name = Networking;
			sourceTree = "<group>";
		};
		94D2608E1B45D0F800DE671C /* ViewControllers */ = {
			isa = PBXGroup;
			children = (
				94452E541AD7086800BFE7A5 /* AboutViewController.swift */,
				94D1D0A41AD6D6230022CA11 /* InfoDetailViewController.swift */,
				9409E13F1ABF78B000312E2B /* NowPlayingViewController.swift */,
				94452E4E1AD6F24700BFE7A5 /* PopUpMenuViewController.swift */,
				942A3F361AE43DF80011396E /* StationsViewController.swift */,
			);
			name = ViewControllers;
			sourceTree = "<group>";
		};
		94D2608F1B45D11800DE671C /* Cells */ = {
			isa = PBXGroup;
			children = (
				945DB3C41AD5A6E200495EBB /* NothingFoundCell.xib */,
				94D30EA61AD07A880024FE96 /* StationTableViewCell.swift */,
			);
			name = Cells;
			sourceTree = "<group>";
		};
		94D260941B45E0BA00DE671C /* UI Helpers */ = {
			isa = PBXGroup;
			children = (
				94D260951B45E3FA00DE671C /* AnimationFrames.swift */,
				949E5EAF1ACB340200AB6280 /* UIImageView+Download.swift */,
				94E9761B1B1A8F3200F52B1E /* UIImage+DropShadow.swift */,
			);
			name = "UI Helpers";
			sourceTree = "<group>";
		};
		94E976191B1A8BFB00F52B1E /* Model */ = {
			isa = PBXGroup;
			children = (
				94AC70AD1AD05C6200652982 /* RadioStation.swift */,
				94817DFA1B547D5700D3FA23 /* Player.swift */,
				94D260971B45E8B800DE671C /* Track.swift */,
			);
			name = Model;
			sourceTree = "<group>";
		};
		9F9BC92F1FA0A60600FE17F8 /* Resources */ = {
			isa = PBXGroup;
			children = (
				9FD1E79B1FA3408800A024BB /* Localizable */,
				9F9BC9301FA0A61A00FE17F8 /* Color */,
			);
			name = Resources;
			sourceTree = "<group>";
		};
		9F9BC9301FA0A61A00FE17F8 /* Color */ = {
			isa = PBXGroup;
			children = (
				9F9BC9311FA0A63300FE17F8 /* Color.swift */,
			);
			name = Color;
			sourceTree = "<group>";
		};
		9FACCB8B1C3E9DAD00567EDA /* iBasqueRadioUITests */ = {
			isa = PBXGroup;
			children = (
				9FACCB941C3E9E0100567EDA /* SnapshotHelper.swift */,
				9FACCB8C1C3E9DAD00567EDA /* iBasqueRadioUITests.swift */,
				9FACCB8E1C3E9DAD00567EDA /* Info.plist */,
			);
			path = iBasqueRadioUITests;
			sourceTree = "<group>";
		};
		9FD1E79B1FA3408800A024BB /* Localizable */ = {
			isa = PBXGroup;
			children = (
				9FD1E79C1FA340D300A024BB /* Localizable.swift */,
				9FD1E79E1FA343BF00A024BB /* Localizable.strings */,
			);
			name = Localizable;
			sourceTree = "<group>";
		};
		B5F92A644444FFAFA6125061 /* Frameworks */ = {
			isa = PBXGroup;
			children = (
				C21425A1A05604E4812E6BB9 /* Pods_iBasqueRadio.framework */,
				B20C3F7DFE1DC9457D0CEC5C /* Pods_iBasqueRadioUITests.framework */,
			);
			name = Frameworks;
			sourceTree = "<group>";
		};
/* End PBXGroup section */

/* Begin PBXNativeTarget section */
		9409E1151ABF6FEA00312E2B /* iBasqueRadio */ = {
			isa = PBXNativeTarget;
			buildConfigurationList = 9409E1381ABF6FEA00312E2B /* Build configuration list for PBXNativeTarget "iBasqueRadio" */;
			buildPhases = (
				3687AEFCD550002B8ED8EEE3 /* [CP] Check Pods Manifest.lock */,
				9409E1121ABF6FEA00312E2B /* Sources */,
				9409E1131ABF6FEA00312E2B /* Frameworks */,
				9409E1141ABF6FEA00312E2B /* Resources */,
				AF9FB42F67F3A59AD8DEEA53 /* [CP] Embed Pods Frameworks */,
				A2C2F56DE099697BA523EDD1 /* [CP] Copy Pods Resources */,
				9F92D2BD2065AFD600032384 /* ShellScript */,
			);
			buildRules = (
			);
			dependencies = (
			);
			name = iBasqueRadio;
			productName = RadioPro;
			productReference = 9409E1161ABF6FEA00312E2B /* iBasqueRadio.app */;
			productType = "com.apple.product-type.application";
		};
		9FACCB891C3E9DAD00567EDA /* iBasqueRadioUITests */ = {
			isa = PBXNativeTarget;
			buildConfigurationList = 9FACCB931C3E9DAD00567EDA /* Build configuration list for PBXNativeTarget "iBasqueRadioUITests" */;
			buildPhases = (
				9FACCB861C3E9DAD00567EDA /* Sources */,
				9FACCB871C3E9DAD00567EDA /* Frameworks */,
				9FACCB881C3E9DAD00567EDA /* Resources */,
			);
			buildRules = (
			);
			dependencies = (
				9FACCB901C3E9DAD00567EDA /* PBXTargetDependency */,
			);
			name = iBasqueRadioUITests;
			productName = iBasqueRadioUITests;
			productReference = 9FACCB8A1C3E9DAD00567EDA /* iBasqueRadioUITests.xctest */;
			productType = "com.apple.product-type.bundle.ui-testing";
		};
/* End PBXNativeTarget section */

/* Begin PBXProject section */
		9409E10E1ABF6FE900312E2B /* Project object */ = {
			isa = PBXProject;
			attributes = {
				LastSwiftMigration = 0700;
				LastSwiftUpdateCheck = 0720;
				LastUpgradeCheck = 0900;
				ORGANIZATIONNAME = "Gorka Ercilla";
				TargetAttributes = {
					9409E1151ABF6FEA00312E2B = {
						CreatedOnToolsVersion = 6.2;
						DevelopmentTeam = T355TDU55C;
						LastSwiftMigration = 0900;
						ProvisioningStyle = Automatic;
						SystemCapabilities = {
							com.apple.BackgroundModes = {
								enabled = 1;
							};
						};
					};
					9FACCB891C3E9DAD00567EDA = {
						CreatedOnToolsVersion = 7.2;
						LastSwiftMigration = 0900;
						TestTargetID = 9409E1151ABF6FEA00312E2B;
					};
				};
			};
			buildConfigurationList = 9409E1111ABF6FE900312E2B /* Build configuration list for PBXProject "iBasqueRadio" */;
			compatibilityVersion = "Xcode 6.3";
			developmentRegion = English;
			hasScannedForEncodings = 0;
			knownRegions = (
				Base,
				eu,
			);
			mainGroup = 9409E10D1ABF6FE900312E2B;
			productRefGroup = 9409E1171ABF6FEA00312E2B /* Products */;
			projectDirPath = "";
			projectRoot = "";
			targets = (
				9409E1151ABF6FEA00312E2B /* iBasqueRadio */,
				9FACCB891C3E9DAD00567EDA /* iBasqueRadioUITests */,
			);
		};
/* End PBXProject section */

/* Begin PBXResourcesBuildPhase section */
		9409E1141ABF6FEA00312E2B /* Resources */ = {
			isa = PBXResourcesBuildPhase;
			buildActionMask = 2147483647;
			files = (
				945DB3C21AD58E3A00495EBB /* stations.json in Resources */,
				9409E1241ABF6FEA00312E2B /* Main.storyboard in Resources */,
				9F7DA5111F9E447500BFBEC9 /* GoogleService-Info.plist in Resources */,
				9FD1E79F1FA343BF00A024BB /* Localizable.strings in Resources */,
				9F86C4221DFC204300E05DB5 /* ServiceAccount.json in Resources */,
				945DB3C51AD5A6E200495EBB /* NothingFoundCell.xib in Resources */,
				9409E1261ABF6FEA00312E2B /* Images.xcassets in Resources */,
			);
			runOnlyForDeploymentPostprocessing = 0;
		};
		9FACCB881C3E9DAD00567EDA /* Resources */ = {
			isa = PBXResourcesBuildPhase;
			buildActionMask = 2147483647;
			files = (
			);
			runOnlyForDeploymentPostprocessing = 0;
		};
/* End PBXResourcesBuildPhase section */

/* Begin PBXShellScriptBuildPhase section */
		3687AEFCD550002B8ED8EEE3 /* [CP] Check Pods Manifest.lock */ = {
			isa = PBXShellScriptBuildPhase;
			buildActionMask = 2147483647;
			files = (
			);
			inputPaths = (
				"${PODS_PODFILE_DIR_PATH}/Podfile.lock",
				"${PODS_ROOT}/Manifest.lock",
			);
			name = "[CP] Check Pods Manifest.lock";
			outputPaths = (
				"$(DERIVED_FILE_DIR)/Pods-iBasqueRadio-checkManifestLockResult.txt",
			);
			runOnlyForDeploymentPostprocessing = 0;
			shellPath = /bin/sh;
			shellScript = "diff \"${PODS_PODFILE_DIR_PATH}/Podfile.lock\" \"${PODS_ROOT}/Manifest.lock\" > /dev/null\nif [ $? != 0 ] ; then\n    # print error to STDERR\n    echo \"error: The sandbox is not in sync with the Podfile.lock. Run 'pod install' or update your CocoaPods installation.\" >&2\n    exit 1\nfi\n# This output is used by Xcode 'outputs' to avoid re-running this script phase.\necho \"SUCCESS\" > \"${SCRIPT_OUTPUT_FILE_0}\"\n";
			showEnvVarsInLog = 0;
		};
		9F92D2BD2065AFD600032384 /* ShellScript */ = {
			isa = PBXShellScriptBuildPhase;
			buildActionMask = 2147483647;
			files = (
			);
			inputPaths = (
			);
			outputPaths = (
			);
			runOnlyForDeploymentPostprocessing = 0;
			shellPath = /bin/sh;
			shellScript = "\"${PODS_ROOT}/Fabric/run\"";
		};
		A2C2F56DE099697BA523EDD1 /* [CP] Copy Pods Resources */ = {
			isa = PBXShellScriptBuildPhase;
			buildActionMask = 2147483647;
			files = (
			);
			inputPaths = (
			);
			name = "[CP] Copy Pods Resources";
			outputPaths = (
			);
			runOnlyForDeploymentPostprocessing = 0;
			shellPath = /bin/sh;
			shellScript = "\"${SRCROOT}/Pods/Target Support Files/Pods-iBasqueRadio/Pods-iBasqueRadio-resources.sh\"\n";
			showEnvVarsInLog = 0;
		};
		AF9FB42F67F3A59AD8DEEA53 /* [CP] Embed Pods Frameworks */ = {
			isa = PBXShellScriptBuildPhase;
			buildActionMask = 2147483647;
			files = (
			);
			inputPaths = (
				"${SRCROOT}/Pods/Target Support Files/Pods-iBasqueRadio/Pods-iBasqueRadio-frameworks.sh",
				"${BUILT_PRODUCTS_DIR}/GTMSessionFetcher/GTMSessionFetcher.framework",
				"${BUILT_PRODUCTS_DIR}/GoogleToolboxForMac/GoogleToolboxForMac.framework",
				"${BUILT_PRODUCTS_DIR}/Protobuf/Protobuf.framework",
				"${BUILT_PRODUCTS_DIR}/Spring/Spring.framework",
				"${BUILT_PRODUCTS_DIR}/nanopb/nanopb.framework",
			);
			name = "[CP] Embed Pods Frameworks";
			outputPaths = (
				"${TARGET_BUILD_DIR}/${FRAMEWORKS_FOLDER_PATH}/GTMSessionFetcher.framework",
				"${TARGET_BUILD_DIR}/${FRAMEWORKS_FOLDER_PATH}/GoogleToolboxForMac.framework",
				"${TARGET_BUILD_DIR}/${FRAMEWORKS_FOLDER_PATH}/Protobuf.framework",
				"${TARGET_BUILD_DIR}/${FRAMEWORKS_FOLDER_PATH}/Spring.framework",
				"${TARGET_BUILD_DIR}/${FRAMEWORKS_FOLDER_PATH}/nanopb.framework",
			);
			runOnlyForDeploymentPostprocessing = 0;
			shellPath = /bin/sh;
			shellScript = "\"${SRCROOT}/Pods/Target Support Files/Pods-iBasqueRadio/Pods-iBasqueRadio-frameworks.sh\"\n";
			showEnvVarsInLog = 0;
		};
/* End PBXShellScriptBuildPhase section */

/* Begin PBXSourcesBuildPhase section */
		9409E1121ABF6FEA00312E2B /* Sources */ = {
			isa = PBXSourcesBuildPhase;
			buildActionMask = 2147483647;
			files = (
				949E5EB01ACB340200AB6280 /* UIImageView+Download.swift in Sources */,
				94D260911B45D20000DE671C /* SwiftRadio-Settings.swift in Sources */,
				94D30EA71AD07A880024FE96 /* StationTableViewCell.swift in Sources */,
				9F9BC9321FA0A63300FE17F8 /* Color.swift in Sources */,
				9409E1401ABF78B000312E2B /* NowPlayingViewController.swift in Sources */,
				9FD1E79D1FA340D300A024BB /* Localizable.swift in Sources */,
				94D1D0A51AD6D6230022CA11 /* InfoDetailViewController.swift in Sources */,
				949BBB401ACC9DEE005B7C26 /* DataManager.swift in Sources */,
				94E9761C1B1A8F3200F52B1E /* UIImage+DropShadow.swift in Sources */,
				94452E551AD7086800BFE7A5 /* AboutViewController.swift in Sources */,
				94D260981B45E8B800DE671C /* Track.swift in Sources */,
				94452E4F1AD6F24700BFE7A5 /* PopUpMenuViewController.swift in Sources */,
				9409E11C1ABF6FEA00312E2B /* AppDelegate.swift in Sources */,
				94D260961B45E3FA00DE671C /* AnimationFrames.swift in Sources */,
				942A3F371AE43DF80011396E /* StationsViewController.swift in Sources */,
				94AC70AE1AD05C6200652982 /* RadioStation.swift in Sources */,
				94817DFB1B547D5700D3FA23 /* Player.swift in Sources */,
			);
			runOnlyForDeploymentPostprocessing = 0;
		};
		9FACCB861C3E9DAD00567EDA /* Sources */ = {
			isa = PBXSourcesBuildPhase;
			buildActionMask = 2147483647;
			files = (
				9FACCB8D1C3E9DAD00567EDA /* iBasqueRadioUITests.swift in Sources */,
				9FACCB951C3E9E0100567EDA /* SnapshotHelper.swift in Sources */,
				9F9BC9331FA0A63300FE17F8 /* Color.swift in Sources */,
			);
			runOnlyForDeploymentPostprocessing = 0;
		};
/* End PBXSourcesBuildPhase section */

/* Begin PBXTargetDependency section */
		9FACCB901C3E9DAD00567EDA /* PBXTargetDependency */ = {
			isa = PBXTargetDependency;
			target = 9409E1151ABF6FEA00312E2B /* iBasqueRadio */;
			targetProxy = 9FACCB8F1C3E9DAD00567EDA /* PBXContainerItemProxy */;
		};
/* End PBXTargetDependency section */

/* Begin PBXVariantGroup section */
		9409E1221ABF6FEA00312E2B /* Main.storyboard */ = {
			isa = PBXVariantGroup;
			children = (
				9F2E57F31BE247B10029DAE2 /* eu */,
			);
			name = Main.storyboard;
			sourceTree = "<group>";
		};
/* End PBXVariantGroup section */

/* Begin XCBuildConfiguration section */
		9409E1361ABF6FEA00312E2B /* Debug */ = {
			isa = XCBuildConfiguration;
			buildSettings = {
				ALWAYS_SEARCH_USER_PATHS = NO;
				CLANG_CXX_LANGUAGE_STANDARD = "gnu++0x";
				CLANG_CXX_LIBRARY = "libc++";
				CLANG_ENABLE_MODULES = YES;
				CLANG_ENABLE_OBJC_ARC = YES;
				CLANG_WARN_BLOCK_CAPTURE_AUTORELEASING = YES;
				CLANG_WARN_BOOL_CONVERSION = YES;
				CLANG_WARN_COMMA = YES;
				CLANG_WARN_CONSTANT_CONVERSION = YES;
				CLANG_WARN_DIRECT_OBJC_ISA_USAGE = YES_ERROR;
				CLANG_WARN_EMPTY_BODY = YES;
				CLANG_WARN_ENUM_CONVERSION = YES;
				CLANG_WARN_INFINITE_RECURSION = YES;
				CLANG_WARN_INT_CONVERSION = YES;
				CLANG_WARN_NON_LITERAL_NULL_CONVERSION = YES;
				CLANG_WARN_OBJC_LITERAL_CONVERSION = YES;
				CLANG_WARN_OBJC_ROOT_CLASS = YES_ERROR;
				CLANG_WARN_RANGE_LOOP_ANALYSIS = YES;
				CLANG_WARN_STRICT_PROTOTYPES = YES;
				CLANG_WARN_SUSPICIOUS_MOVE = YES;
				CLANG_WARN_UNREACHABLE_CODE = YES;
				CLANG_WARN__DUPLICATE_METHOD_MATCH = YES;
				"CODE_SIGN_IDENTITY[sdk=iphoneos*]" = "iPhone Developer";
				COPY_PHASE_STRIP = NO;
				ENABLE_STRICT_OBJC_MSGSEND = YES;
				ENABLE_TESTABILITY = YES;
				GCC_C_LANGUAGE_STANDARD = gnu99;
				GCC_DYNAMIC_NO_PIC = NO;
				GCC_NO_COMMON_BLOCKS = YES;
				GCC_OPTIMIZATION_LEVEL = 0;
				GCC_PREPROCESSOR_DEFINITIONS = (
					"DEBUG=1",
					"$(inherited)",
				);
				GCC_SYMBOLS_PRIVATE_EXTERN = NO;
				GCC_WARN_64_TO_32_BIT_CONVERSION = YES;
				GCC_WARN_ABOUT_RETURN_TYPE = YES_ERROR;
				GCC_WARN_UNDECLARED_SELECTOR = YES;
				GCC_WARN_UNINITIALIZED_AUTOS = YES_AGGRESSIVE;
				GCC_WARN_UNUSED_FUNCTION = YES;
				GCC_WARN_UNUSED_VARIABLE = YES;
				IPHONEOS_DEPLOYMENT_TARGET = 11.0;
				MTL_ENABLE_DEBUG_INFO = YES;
				ONLY_ACTIVE_ARCH = YES;
				SDKROOT = iphoneos;
				SWIFT_OPTIMIZATION_LEVEL = "-Onone";
			};
			name = Debug;
		};
		9409E1371ABF6FEA00312E2B /* Release */ = {
			isa = XCBuildConfiguration;
			buildSettings = {
				ALWAYS_SEARCH_USER_PATHS = NO;
				CLANG_CXX_LANGUAGE_STANDARD = "gnu++0x";
				CLANG_CXX_LIBRARY = "libc++";
				CLANG_ENABLE_MODULES = YES;
				CLANG_ENABLE_OBJC_ARC = YES;
				CLANG_WARN_BLOCK_CAPTURE_AUTORELEASING = YES;
				CLANG_WARN_BOOL_CONVERSION = YES;
				CLANG_WARN_COMMA = YES;
				CLANG_WARN_CONSTANT_CONVERSION = YES;
				CLANG_WARN_DIRECT_OBJC_ISA_USAGE = YES_ERROR;
				CLANG_WARN_EMPTY_BODY = YES;
				CLANG_WARN_ENUM_CONVERSION = YES;
				CLANG_WARN_INFINITE_RECURSION = YES;
				CLANG_WARN_INT_CONVERSION = YES;
				CLANG_WARN_NON_LITERAL_NULL_CONVERSION = YES;
				CLANG_WARN_OBJC_LITERAL_CONVERSION = YES;
				CLANG_WARN_OBJC_ROOT_CLASS = YES_ERROR;
				CLANG_WARN_RANGE_LOOP_ANALYSIS = YES;
				CLANG_WARN_STRICT_PROTOTYPES = YES;
				CLANG_WARN_SUSPICIOUS_MOVE = YES;
				CLANG_WARN_UNREACHABLE_CODE = YES;
				CLANG_WARN__DUPLICATE_METHOD_MATCH = YES;
				"CODE_SIGN_IDENTITY[sdk=iphoneos*]" = "iPhone Developer";
				COPY_PHASE_STRIP = NO;
				ENABLE_NS_ASSERTIONS = NO;
				ENABLE_STRICT_OBJC_MSGSEND = YES;
				GCC_C_LANGUAGE_STANDARD = gnu99;
				GCC_NO_COMMON_BLOCKS = YES;
				GCC_WARN_64_TO_32_BIT_CONVERSION = YES;
				GCC_WARN_ABOUT_RETURN_TYPE = YES_ERROR;
				GCC_WARN_UNDECLARED_SELECTOR = YES;
				GCC_WARN_UNINITIALIZED_AUTOS = YES_AGGRESSIVE;
				GCC_WARN_UNUSED_FUNCTION = YES;
				GCC_WARN_UNUSED_VARIABLE = YES;
				IPHONEOS_DEPLOYMENT_TARGET = 11.0;
				MTL_ENABLE_DEBUG_INFO = NO;
				SDKROOT = iphoneos;
				SWIFT_OPTIMIZATION_LEVEL = "-Owholemodule";
				VALIDATE_PRODUCT = YES;
			};
			name = Release;
		};
		9409E1391ABF6FEA00312E2B /* Debug */ = {
			isa = XCBuildConfiguration;
			baseConfigurationReference = 5C53F8D2C3472250B4A58BBA /* Pods-iBasqueRadio.debug.xcconfig */;
			buildSettings = {
				ASSETCATALOG_COMPILER_APPICON_NAME = AppIcon;
				ASSETCATALOG_COMPILER_LAUNCHIMAGE_NAME = LaunchImage;
				CODE_SIGN_IDENTITY = "iPhone Developer";
				"CODE_SIGN_IDENTITY[sdk=iphoneos*]" = "iPhone Developer";
				DEFINES_MODULE = YES;
				FRAMEWORK_SEARCH_PATHS = (
					"$(inherited)",
					"$(PROJECT_DIR)/SwiftRadio",
				);
				INFOPLIST_FILE = SwiftRadio/Info.plist;
				IPHONEOS_DEPLOYMENT_TARGET = 11.2;
				LD_RUNPATH_SEARCH_PATHS = "$(inherited) @executable_path/Frameworks";
				PRODUCT_BUNDLE_IDENTIFIER = net.ercillagorka.iBasqueRadio;
				PRODUCT_NAME = iBasqueRadio;
				PROVISIONING_PROFILE = "";
				SWIFT_INSTALL_OBJC_HEADER = NO;
				SWIFT_SWIFT3_OBJC_INFERENCE = On;
				SWIFT_VERSION = 4.0;
			};
			name = Debug;
		};
		9409E13A1ABF6FEA00312E2B /* Release */ = {
			isa = XCBuildConfiguration;
			baseConfigurationReference = B0E304EEA30D467B2954020D /* Pods-iBasqueRadio.release.xcconfig */;
			buildSettings = {
				ASSETCATALOG_COMPILER_APPICON_NAME = AppIcon;
				ASSETCATALOG_COMPILER_LAUNCHIMAGE_NAME = LaunchImage;
				CODE_SIGN_IDENTITY = "iPhone Developer";
				"CODE_SIGN_IDENTITY[sdk=iphoneos*]" = "iPhone Developer";
				DEFINES_MODULE = YES;
				FRAMEWORK_SEARCH_PATHS = (
					"$(inherited)",
					"$(PROJECT_DIR)/SwiftRadio",
				);
				INFOPLIST_FILE = SwiftRadio/Info.plist;
				IPHONEOS_DEPLOYMENT_TARGET = 11.2;
				LD_RUNPATH_SEARCH_PATHS = "$(inherited) @executable_path/Frameworks";
				PRODUCT_BUNDLE_IDENTIFIER = net.ercillagorka.iBasqueRadio;
				PRODUCT_NAME = iBasqueRadio;
				PROVISIONING_PROFILE = "";
				SWIFT_INSTALL_OBJC_HEADER = NO;
				SWIFT_SWIFT3_OBJC_INFERENCE = On;
				SWIFT_VERSION = 4.0;
			};
			name = Release;
		};
		9FACCB911C3E9DAD00567EDA /* Debug */ = {
			isa = XCBuildConfiguration;
			buildSettings = {
				DEBUG_INFORMATION_FORMAT = dwarf;
				GCC_NO_COMMON_BLOCKS = YES;
				INFOPLIST_FILE = iBasqueRadioUITests/Info.plist;
				IPHONEOS_DEPLOYMENT_TARGET = 9.2;
				LD_RUNPATH_SEARCH_PATHS = "$(inherited) @executable_path/Frameworks @loader_path/Frameworks";
				PRODUCT_BUNDLE_IDENTIFIER = net.ercillagorka.iBasqueRadioUITests;
				PRODUCT_NAME = "$(TARGET_NAME)";
				PROVISIONING_PROFILE = "8d36b4ee-9c78-4917-a265-67dae362de03";
				SWIFT_SWIFT3_OBJC_INFERENCE = On;
				SWIFT_VERSION = 4.0;
				TEST_TARGET_NAME = iBasqueRadio;
				USES_XCTRUNNER = YES;
			};
			name = Debug;
		};
		9FACCB921C3E9DAD00567EDA /* Release */ = {
			isa = XCBuildConfiguration;
			buildSettings = {
				DEBUG_INFORMATION_FORMAT = "dwarf-with-dsym";
				GCC_NO_COMMON_BLOCKS = YES;
				INFOPLIST_FILE = iBasqueRadioUITests/Info.plist;
				IPHONEOS_DEPLOYMENT_TARGET = 9.2;
				LD_RUNPATH_SEARCH_PATHS = "$(inherited) @executable_path/Frameworks @loader_path/Frameworks";
				PRODUCT_BUNDLE_IDENTIFIER = net.ercillagorka.iBasqueRadioUITests;
				PRODUCT_NAME = "$(TARGET_NAME)";
				PROVISIONING_PROFILE = "8d36b4ee-9c78-4917-a265-67dae362de03";
				SWIFT_SWIFT3_OBJC_INFERENCE = On;
				SWIFT_VERSION = 4.0;
				TEST_TARGET_NAME = iBasqueRadio;
				USES_XCTRUNNER = YES;
			};
			name = Release;
		};
/* End XCBuildConfiguration section */

/* Begin XCConfigurationList section */
		9409E1111ABF6FE900312E2B /* Build configuration list for PBXProject "iBasqueRadio" */ = {
			isa = XCConfigurationList;
			buildConfigurations = (
				9409E1361ABF6FEA00312E2B /* Debug */,
				9409E1371ABF6FEA00312E2B /* Release */,
			);
			defaultConfigurationIsVisible = 0;
			defaultConfigurationName = Release;
		};
		9409E1381ABF6FEA00312E2B /* Build configuration list for PBXNativeTarget "iBasqueRadio" */ = {
			isa = XCConfigurationList;
			buildConfigurations = (
				9409E1391ABF6FEA00312E2B /* Debug */,
				9409E13A1ABF6FEA00312E2B /* Release */,
			);
			defaultConfigurationIsVisible = 0;
			defaultConfigurationName = Release;
		};
		9FACCB931C3E9DAD00567EDA /* Build configuration list for PBXNativeTarget "iBasqueRadioUITests" */ = {
			isa = XCConfigurationList;
			buildConfigurations = (
				9FACCB911C3E9DAD00567EDA /* Debug */,
				9FACCB921C3E9DAD00567EDA /* Release */,
			);
			defaultConfigurationIsVisible = 0;
			defaultConfigurationName = Release;
		};
/* End XCConfigurationList section */
	};
	rootObject = 9409E10E1ABF6FE900312E2B /* Project object */;
}
